// !$*UTF8*$!
{
	archiveVersion = 1;
	classes = {
	};
	objectVersion = 50;
	objects = {

/* Begin PBXBuildFile section */
		FCDC2B8522F6C4C800091900 /* AppDelegate.swift in Sources */ = {isa = PBXBuildFile; fileRef = FCDC2B8422F6C4C800091900 /* AppDelegate.swift */; };
		FCDC2B8722F6C4C800091900 /* SceneDelegate.swift in Sources */ = {isa = PBXBuildFile; fileRef = FCDC2B8622F6C4C800091900 /* SceneDelegate.swift */; };
		FCDC2B8922F6C4C800091900 /* ContentView.swift in Sources */ = {isa = PBXBuildFile; fileRef = FCDC2B8822F6C4C800091900 /* ContentView.swift */; };
		FCDC2B8B22F6C4CC00091900 /* Assets.xcassets in Resources */ = {isa = PBXBuildFile; fileRef = FCDC2B8A22F6C4CC00091900 /* Assets.xcassets */; };
		FCDC2B8E22F6C4CC00091900 /* Preview Assets.xcassets in Resources */ = {isa = PBXBuildFile; fileRef = FCDC2B8D22F6C4CC00091900 /* Preview Assets.xcassets */; };
		FCDC2B9122F6C4CC00091900 /* LaunchScreen.storyboard in Resources */ = {isa = PBXBuildFile; fileRef = FCDC2B8F22F6C4CC00091900 /* LaunchScreen.storyboard */; };
		FCDC2B9922F6CC9400091900 /* MetallicaImage.swift in Sources */ = {isa = PBXBuildFile; fileRef = FCDC2B9822F6CC9400091900 /* MetallicaImage.swift */; };
		FCDC2B9B22F6CFA300091900 /* NavigationFirstView.swift in Sources */ = {isa = PBXBuildFile; fileRef = FCDC2B9A22F6CFA300091900 /* NavigationFirstView.swift */; };
		FCDC2B9D22F6CFB600091900 /* NavigationSecondView.swift in Sources */ = {isa = PBXBuildFile; fileRef = FCDC2B9C22F6CFB600091900 /* NavigationSecondView.swift */; };
		FCDC2B9F22F6D46900091900 /* ListExampleView.swift in Sources */ = {isa = PBXBuildFile; fileRef = FCDC2B9E22F6D46900091900 /* ListExampleView.swift */; };
		FCDC2BA122F6D73700091900 /* Musician.swift in Sources */ = {isa = PBXBuildFile; fileRef = FCDC2BA022F6D73700091900 /* Musician.swift */; };
		FCDC2BA322F6D8F900091900 /* ListSectionExampleView.swift in Sources */ = {isa = PBXBuildFile; fileRef = FCDC2BA222F6D8F900091900 /* ListSectionExampleView.swift */; };
/* End PBXBuildFile section */

/* Begin PBXFileReference section */
		FCDC2B8122F6C4C800091900 /* DetailedViews.app */ = {isa = PBXFileReference; explicitFileType = wrapper.application; includeInIndex = 0; path = DetailedViews.app; sourceTree = BUILT_PRODUCTS_DIR; };
		FCDC2B8422F6C4C800091900 /* AppDelegate.swift */ = {isa = PBXFileReference; lastKnownFileType = sourcecode.swift; path = AppDelegate.swift; sourceTree = "<group>"; };
		FCDC2B8622F6C4C800091900 /* SceneDelegate.swift */ = {isa = PBXFileReference; lastKnownFileType = sourcecode.swift; path = SceneDelegate.swift; sourceTree = "<group>"; };
		FCDC2B8822F6C4C800091900 /* ContentView.swift */ = {isa = PBXFileReference; lastKnownFileType = sourcecode.swift; path = ContentView.swift; sourceTree = "<group>"; };
		FCDC2B8A22F6C4CC00091900 /* Assets.xcassets */ = {isa = PBXFileReference; lastKnownFileType = folder.assetcatalog; path = Assets.xcassets; sourceTree = "<group>"; };
		FCDC2B8D22F6C4CC00091900 /* Preview Assets.xcassets */ = {isa = PBXFileReference; lastKnownFileType = folder.assetcatalog; path = "Preview Assets.xcassets"; sourceTree = "<group>"; };
		FCDC2B9022F6C4CC00091900 /* Base */ = {isa = PBXFileReference; lastKnownFileType = file.storyboard; name = Base; path = Base.lproj/LaunchScreen.storyboard; sourceTree = "<group>"; };
		FCDC2B9222F6C4CC00091900 /* Info.plist */ = {isa = PBXFileReference; lastKnownFileType = text.plist.xml; path = Info.plist; sourceTree = "<group>"; };
		FCDC2B9822F6CC9400091900 /* MetallicaImage.swift */ = {isa = PBXFileReference; lastKnownFileType = sourcecode.swift; path = MetallicaImage.swift; sourceTree = "<group>"; };
		FCDC2B9A22F6CFA300091900 /* NavigationFirstView.swift */ = {isa = PBXFileReference; lastKnownFileType = sourcecode.swift; path = NavigationFirstView.swift; sourceTree = "<group>"; };
		FCDC2B9C22F6CFB600091900 /* NavigationSecondView.swift */ = {isa = PBXFileReference; lastKnownFileType = sourcecode.swift; path = NavigationSecondView.swift; sourceTree = "<group>"; };
		FCDC2B9E22F6D46900091900 /* ListExampleView.swift */ = {isa = PBXFileReference; lastKnownFileType = sourcecode.swift; path = ListExampleView.swift; sourceTree = "<group>"; };
		FCDC2BA022F6D73700091900 /* Musician.swift */ = {isa = PBXFileReference; lastKnownFileType = sourcecode.swift; path = Musician.swift; sourceTree = "<group>"; };
		FCDC2BA222F6D8F900091900 /* ListSectionExampleView.swift */ = {isa = PBXFileReference; lastKnownFileType = sourcecode.swift; path = ListSectionExampleView.swift; sourceTree = "<group>"; };
/* End PBXFileReference section */

/* Begin PBXFrameworksBuildPhase section */
		FCDC2B7E22F6C4C800091900 /* Frameworks */ = {
			isa = PBXFrameworksBuildPhase;
			buildActionMask = 2147483647;
			files = (
			);
			runOnlyForDeploymentPostprocessing = 0;
		};
/* End PBXFrameworksBuildPhase section */

/* Begin PBXGroup section */
		FCDC2B7822F6C4C800091900 = {
			isa = PBXGroup;
			children = (
				FCDC2B8322F6C4C800091900 /* DetailedViews */,
				FCDC2B8222F6C4C800091900 /* Products */,
			);
			sourceTree = "<group>";
		};
		FCDC2B8222F6C4C800091900 /* Products */ = {
			isa = PBXGroup;
			children = (
				FCDC2B8122F6C4C800091900 /* DetailedViews.app */,
			);
			name = Products;
			sourceTree = "<group>";
		};
		FCDC2B8322F6C4C800091900 /* DetailedViews */ = {
			isa = PBXGroup;
			children = (
				FCDC2B8422F6C4C800091900 /* AppDelegate.swift */,
				FCDC2B8622F6C4C800091900 /* SceneDelegate.swift */,
				FCDC2B8822F6C4C800091900 /* ContentView.swift */,
				FCDC2B9822F6CC9400091900 /* MetallicaImage.swift */,
				FCDC2B9A22F6CFA300091900 /* NavigationFirstView.swift */,
				FCDC2B9C22F6CFB600091900 /* NavigationSecondView.swift */,
				FCDC2B9E22F6D46900091900 /* ListExampleView.swift */,
				FCDC2BA022F6D73700091900 /* Musician.swift */,
				FCDC2BA222F6D8F900091900 /* ListSectionExampleView.swift */,
				FCDC2B8A22F6C4CC00091900 /* Assets.xcassets */,
				FCDC2B8F22F6C4CC00091900 /* LaunchScreen.storyboard */,
				FCDC2B9222F6C4CC00091900 /* Info.plist */,
				FCDC2B8C22F6C4CC00091900 /* Preview Content */,
			);
			path = DetailedViews;
			sourceTree = "<group>";
		};
		FCDC2B8C22F6C4CC00091900 /* Preview Content */ = {
			isa = PBXGroup;
			children = (
				FCDC2B8D22F6C4CC00091900 /* Preview Assets.xcassets */,
			);
			path = "Preview Content";
			sourceTree = "<group>";
		};
/* End PBXGroup section */

/* Begin PBXNativeTarget section */
		FCDC2B8022F6C4C800091900 /* DetailedViews */ = {
			isa = PBXNativeTarget;
			buildConfigurationList = FCDC2B9522F6C4CC00091900 /* Build configuration list for PBXNativeTarget "DetailedViews" */;
			buildPhases = (
				FCDC2B7D22F6C4C800091900 /* Sources */,
				FCDC2B7E22F6C4C800091900 /* Frameworks */,
				FCDC2B7F22F6C4C800091900 /* Resources */,
			);
			buildRules = (
			);
			dependencies = (
			);
			name = DetailedViews;
			productName = DetailedViews;
			productReference = FCDC2B8122F6C4C800091900 /* DetailedViews.app */;
			productType = "com.apple.product-type.application";
		};
/* End PBXNativeTarget section */

/* Begin PBXProject section */
		FCDC2B7922F6C4C800091900 /* Project object */ = {
			isa = PBXProject;
			attributes = {
				LastSwiftUpdateCheck = 1100;
				LastUpgradeCheck = 1100;
				ORGANIZATIONNAME = "Atil Samancioglu";
				TargetAttributes = {
					FCDC2B8022F6C4C800091900 = {
						CreatedOnToolsVersion = 11.0;
					};
				};
			};
			buildConfigurationList = FCDC2B7C22F6C4C800091900 /* Build configuration list for PBXProject "DetailedViews" */;
			compatibilityVersion = "Xcode 9.3";
			developmentRegion = en;
			hasScannedForEncodings = 0;
			knownRegions = (
				en,
				Base,
			);
			mainGroup = FCDC2B7822F6C4C800091900;
			productRefGroup = FCDC2B8222F6C4C800091900 /* Products */;
			projectDirPath = "";
			projectRoot = "";
			targets = (
				FCDC2B8022F6C4C800091900 /* DetailedViews */,
			);
		};
/* End PBXProject section */

/* Begin PBXResourcesBuildPhase section */
		FCDC2B7F22F6C4C800091900 /* Resources */ = {
			isa = PBXResourcesBuildPhase;
			buildActionMask = 2147483647;
			files = (
				FCDC2B9122F6C4CC00091900 /* LaunchScreen.storyboard in Resources */,
				FCDC2B8E22F6C4CC00091900 /* Preview Assets.xcassets in Resources */,
				FCDC2B8B22F6C4CC00091900 /* Assets.xcassets in Resources */,
			);
			runOnlyForDeploymentPostprocessing = 0;
		};
/* End PBXResourcesBuildPhase section */

/* Begin PBXSourcesBuildPhase section */
		FCDC2B7D22F6C4C800091900 /* Sources */ = {
			isa = PBXSourcesBuildPhase;
			buildActionMask = 2147483647;
			files = (
				FCDC2B8522F6C4C800091900 /* AppDelegate.swift in Sources */,
				FCDC2B9B22F6CFA300091900 /* NavigationFirstView.swift in Sources */,
				FCDC2BA122F6D73700091900 /* Musician.swift in Sources */,
				FCDC2B9D22F6CFB600091900 /* NavigationSecondView.swift in Sources */,
				FCDC2B8722F6C4C800091900 /* SceneDelegate.swift in Sources */,
				FCDC2B9922F6CC9400091900 /* MetallicaImage.swift in Sources */,
				FCDC2BA322F6D8F900091900 /* ListSectionExampleView.swift in Sources */,
				FCDC2B9F22F6D46900091900 /* ListExampleView.swift in Sources */,
				FCDC2B8922F6C4C800091900 /* ContentView.swift in Sources */,
			);
			runOnlyForDeploymentPostprocessing = 0;
		};
/* End PBXSourcesBuildPhase section */

/* Begin PBXVariantGroup section */
		FCDC2B8F22F6C4CC00091900 /* LaunchScreen.storyboard */ = {
			isa = PBXVariantGroup;
			children = (
				FCDC2B9022F6C4CC00091900 /* Base */,
			);
			name = LaunchScreen.storyboard;
			sourceTree = "<group>";
		};
/* End PBXVariantGroup section */

/* Begin XCBuildConfiguration section */
		FCDC2B9322F6C4CC00091900 /* Debug */ = {
			isa = XCBuildConfiguration;
			buildSettings = {
				ALWAYS_SEARCH_USER_PATHS = NO;
				CLANG_ANALYZER_NONNULL = YES;
				CLANG_ANALYZER_NUMBER_OBJECT_CONVERSION = YES_AGGRESSIVE;
				CLANG_CXX_LANGUAGE_STANDARD = "gnu++14";
				CLANG_CXX_LIBRARY = "libc++";
				CLANG_ENABLE_MODULES = YES;
				CLANG_ENABLE_OBJC_ARC = YES;
				CLANG_ENABLE_OBJC_WEAK = YES;
				CLANG_WARN_BLOCK_CAPTURE_AUTORELEASING = YES;
				CLANG_WARN_BOOL_CONVERSION = YES;
				CLANG_WARN_COMMA = YES;
				CLANG_WARN_CONSTANT_CONVERSION = YES;
				CLANG_WARN_DEPRECATED_OBJC_IMPLEMENTATIONS = YES;
				CLANG_WARN_DIRECT_OBJC_ISA_USAGE = YES_ERROR;
				CLANG_WARN_DOCUMENTATION_COMMENTS = YES;
				CLANG_WARN_EMPTY_BODY = YES;
				CLANG_WARN_ENUM_CONVERSION = YES;
				CLANG_WARN_INFINITE_RECURSION = YES;
				CLANG_WARN_INT_CONVERSION = YES;
				CLANG_WARN_NON_LITERAL_NULL_CONVERSION = YES;
				CLANG_WARN_OBJC_IMPLICIT_RETAIN_SELF = YES;
				CLANG_WARN_OBJC_LITERAL_CONVERSION = YES;
				CLANG_WARN_OBJC_ROOT_CLASS = YES_ERROR;
				CLANG_WARN_RANGE_LOOP_ANALYSIS = YES;
				CLANG_WARN_STRICT_PROTOTYPES = YES;
				CLANG_WARN_SUSPICIOUS_MOVE = YES;
				CLANG_WARN_UNGUARDED_AVAILABILITY = YES_AGGRESSIVE;
				CLANG_WARN_UNREACHABLE_CODE = YES;
				CLANG_WARN__DUPLICATE_METHOD_MATCH = YES;
				COPY_PHASE_STRIP = NO;
				DEBUG_INFORMATION_FORMAT = dwarf;
				ENABLE_STRICT_OBJC_MSGSEND = YES;
				ENABLE_TESTABILITY = YES;
				GCC_C_LANGUAGE_STANDARD = gnu11;
				GCC_DYNAMIC_NO_PIC = NO;
				GCC_NO_COMMON_BLOCKS = YES;
				GCC_OPTIMIZATION_LEVEL = 0;
				GCC_PREPROCESSOR_DEFINITIONS = (
					"DEBUG=1",
					"$(inherited)",
				);
				GCC_WARN_64_TO_32_BIT_CONVERSION = YES;
				GCC_WARN_ABOUT_RETURN_TYPE = YES_ERROR;
				GCC_WARN_UNDECLARED_SELECTOR = YES;
				GCC_WARN_UNINITIALIZED_AUTOS = YES_AGGRESSIVE;
				GCC_WARN_UNUSED_FUNCTION = YES;
				GCC_WARN_UNUSED_VARIABLE = YES;
				IPHONEOS_DEPLOYMENT_TARGET = 13.0;
				MTL_ENABLE_DEBUG_INFO = INCLUDE_SOURCE;
				MTL_FAST_MATH = YES;
				ONLY_ACTIVE_ARCH = YES;
				SDKROOT = iphoneos;
				SWIFT_ACTIVE_COMPILATION_CONDITIONS = DEBUG;
				SWIFT_OPTIMIZATION_LEVEL = "-Onone";
			};
			name = Debug;
		};
		FCDC2B9422F6C4CC00091900 /* Release */ = {
			isa = XCBuildConfiguration;
			buildSettings = {
				ALWAYS_SEARCH_USER_PATHS = NO;
				CLANG_ANALYZER_NONNULL = YES;
				CLANG_ANALYZER_NUMBER_OBJECT_CONVERSION = YES_AGGRESSIVE;
				CLANG_CXX_LANGUAGE_STANDARD = "gnu++14";
				CLANG_CXX_LIBRARY = "libc++";
				CLANG_ENABLE_MODULES = YES;
				CLANG_ENABLE_OBJC_ARC = YES;
				CLANG_ENABLE_OBJC_WEAK = YES;
				CLANG_WARN_BLOCK_CAPTURE_AUTORELEASING = YES;
				CLANG_WARN_BOOL_CONVERSION = YES;
				CLANG_WARN_COMMA = YES;
				CLANG_WARN_CONSTANT_CONVERSION = YES;
				CLANG_WARN_DEPRECATED_OBJC_IMPLEMENTATIONS = YES;
				CLANG_WARN_DIRECT_OBJC_ISA_USAGE = YES_ERROR;
				CLANG_WARN_DOCUMENTATION_COMMENTS = YES;
				CLANG_WARN_EMPTY_BODY = YES;
				CLANG_WARN_ENUM_CONVERSION = YES;
				CLANG_WARN_INFINITE_RECURSION = YES;
				CLANG_WARN_INT_CONVERSION = YES;
				CLANG_WARN_NON_LITERAL_NULL_CONVERSION = YES;
				CLANG_WARN_OBJC_IMPLICIT_RETAIN_SELF = YES;
				CLANG_WARN_OBJC_LITERAL_CONVERSION = YES;
				CLANG_WARN_OBJC_ROOT_CLASS = YES_ERROR;
				CLANG_WARN_RANGE_LOOP_ANALYSIS = YES;
				CLANG_WARN_STRICT_PROTOTYPES = YES;
				CLANG_WARN_SUSPICIOUS_MOVE = YES;
				CLANG_WARN_UNGUARDED_AVAILABILITY = YES_AGGRESSIVE;
				CLANG_WARN_UNREACHABLE_CODE = YES;
				CLANG_WARN__DUPLICATE_METHOD_MATCH = YES;
				COPY_PHASE_STRIP = NO;
				DEBUG_INFORMATION_FORMAT = "dwarf-with-dsym";
				ENABLE_NS_ASSERTIONS = NO;
				ENABLE_STRICT_OBJC_MSGSEND = YES;
				GCC_C_LANGUAGE_STANDARD = gnu11;
				GCC_NO_COMMON_BLOCKS = YES;
				GCC_WARN_64_TO_32_BIT_CONVERSION = YES;
				GCC_WARN_ABOUT_RETURN_TYPE = YES_ERROR;
				GCC_WARN_UNDECLARED_SELECTOR = YES;
				GCC_WARN_UNINITIALIZED_AUTOS = YES_AGGRESSIVE;
				GCC_WARN_UNUSED_FUNCTION = YES;
				GCC_WARN_UNUSED_VARIABLE = YES;
				IPHONEOS_DEPLOYMENT_TARGET = 13.0;
				MTL_ENABLE_DEBUG_INFO = NO;
				MTL_FAST_MATH = YES;
				SDKROOT = iphoneos;
				SWIFT_COMPILATION_MODE = wholemodule;
				SWIFT_OPTIMIZATION_LEVEL = "-O";
				VALIDATE_PRODUCT = YES;
			};
			name = Release;
		};
		FCDC2B9622F6C4CC00091900 /* Debug */ = {
			isa = XCBuildConfiguration;
			buildSettings = {
				ASSETCATALOG_COMPILER_APPICON_NAME = AppIcon;
				CODE_SIGN_STYLE = Automatic;
				DEVELOPMENT_ASSET_PATHS = "DetailedViews/Preview\\ Content";
				DEVELOPMENT_TEAM = 7SH627DBA4;
				ENABLE_PREVIEWS = YES;
				INFOPLIST_FILE = DetailedViews/Info.plist;
				LD_RUNPATH_SEARCH_PATHS = (
					"$(inherited)",
					"@executable_path/Frameworks",
				);
				PRODUCT_BUNDLE_IDENTIFIER = com.atilsamancioglu.DetailedViews;
				PRODUCT_NAME = "$(TARGET_NAME)";
				SWIFT_VERSION = 5.0;
				TARGETED_DEVICE_FAMILY = "1,2";
			};
			name = Debug;
		};
		FCDC2B9722F6C4CC00091900 /* Release */ = {
			isa = XCBuildConfiguration;
			buildSettings = {
				ASSETCATALOG_COMPILER_APPICON_NAME = AppIcon;
				CODE_SIGN_STYLE = Automatic;
				DEVELOPMENT_ASSET_PATHS = "DetailedViews/Preview\\ Content";
				DEVELOPMENT_TEAM = 7SH627DBA4;
				ENABLE_PREVIEWS = YES;
				INFOPLIST_FILE = DetailedViews/Info.plist;
				LD_RUNPATH_SEARCH_PATHS = (
					"$(inherited)",
					"@executable_path/Frameworks",
				);
				PRODUCT_BUNDLE_IDENTIFIER = com.atilsamancioglu.DetailedViews;
				PRODUCT_NAME = "$(TARGET_NAME)";
				SWIFT_VERSION = 5.0;
				TARGETED_DEVICE_FAMILY = "1,2";
			};
			name = Release;
		};
/* End XCBuildConfiguration section */

/* Begin XCConfigurationList section */
		FCDC2B7C22F6C4C800091900 /* Build configuration list for PBXProject "DetailedViews" */ = {
			isa = XCConfigurationList;
			buildConfigurations = (
				FCDC2B9322F6C4CC00091900 /* Debug */,
				FCDC2B9422F6C4CC00091900 /* Release */,
			);
			defaultConfigurationIsVisible = 0;
			defaultConfigurationName = Release;
		};
		FCDC2B9522F6C4CC00091900 /* Build configuration list for PBXNativeTarget "DetailedViews" */ = {
			isa = XCConfigurationList;
			buildConfigurations = (
				FCDC2B9622F6C4CC00091900 /* Debug */,
				FCDC2B9722F6C4CC00091900 /* Release */,
			);
			defaultConfigurationIsVisible = 0;
			defaultConfigurationName = Release;
		};
/* End XCConfigurationList section */
	};
	rootObject = FCDC2B7922F6C4C800091900 /* Project object */;
}
